<?xml version="1.0" encoding="utf-8"?>
<Project ToolsVersion="4.0" xmlns="http://schemas.microsoft.com/developer/msbuild/2003">
  <ItemGroup>
    <Filter Include="Source Files">
      <UniqueIdentifier>{4FC737F1-C7A5-4376-A066-2A32D752A2FF}</UniqueIdentifier>
      <Extensions>cpp;c;cc;cxx;def;odl;idl;hpj;bat;asm;asmx</Extensions>
    </Filter>
    <Filter Include="Header Files">
      <UniqueIdentifier>{93995380-89BD-4b04-88EB-625FBE52EBFB}</UniqueIdentifier>
      <Extensions>h;hpp;hxx;hm;inl;inc;xsd</Extensions>
    </Filter>
    <Filter Include="Resource Files">
      <UniqueIdentifier>{67DA6AB6-F800-4c08-8B7A-83BB121AAD01}</UniqueIdentifier>
      <Extensions>rc;ico;cur;bmp;dlg;rc2;rct;bin;rgs;gif;jpg;jpeg;jpe;resx;tiff;tif;png;wav;mfcribbon-ms</Extensions>
    </Filter>
    <Filter Include="Resource Files\Shaders">
      <UniqueIdentifier>{c2bb96db-8b71-47cb-9e5d-95cddff2c7b0}</UniqueIdentifier>
    </Filter>
    <Filter Include="Header Files\Shaders">
      <UniqueIdentifier>{e533ac52-cadc-45d1-ba78-e57bee1f9251}</UniqueIdentifier>
    </Filter>
    <Filter Include="Source Files\Shaders">
      <UniqueIdentifier>{d38aebae-edf8-49c7-9b61-9b78116da7d0}</UniqueIdentifier>
    </Filter>
    <Filter Include="Header Files\Output">
      <UniqueIdentifier>{0c37819a-b1eb-4c78-a3c3-236a02fa504d}</UniqueIdentifier>
    </Filter>
    <Filter Include="Header Files\Entities">
      <UniqueIdentifier>{83966970-1635-4dfb-8da4-970e2d238740}</UniqueIdentifier>
    </Filter>
    <Filter Include="Source Files\Entities">
      <UniqueIdentifier>{8880a5e1-6976-437b-b270-057129412c1e}</UniqueIdentifier>
    </Filter>
    <Filter Include="Source Files\Output">
      <UniqueIdentifier>{61864658-bdbb-40ff-8e1d-25a28c23b51e}</UniqueIdentifier>
    </Filter>
    <Filter Include="Header Files\Types">
      <UniqueIdentifier>{cd5422ed-78f8-4a22-9f8b-ae75c95eec6c}</UniqueIdentifier>
    </Filter>
    <Filter Include="Header Files\Entities\Animation">
      <UniqueIdentifier>{901e44cc-7109-4379-afae-f144e88302d6}</UniqueIdentifier>
    </Filter>
    <Filter Include="Source Files\Entities\Animation">
      <UniqueIdentifier>{0e2c69b1-9212-4c41-8a71-b684e9fca741}</UniqueIdentifier>
    </Filter>
    <Filter Include="Source Files\Types">
      <UniqueIdentifier>{92449c22-cc70-4247-9208-18840dae444f}</UniqueIdentifier>
    </Filter>
    <Filter Include="Header Files\Resources">
      <UniqueIdentifier>{a0489144-2e3e-4af3-9ca3-9d78c83b217f}</UniqueIdentifier>
    </Filter>
    <Filter Include="Header Files\Handlers">
      <UniqueIdentifier>{343e1cd5-ba1a-4bdf-99d9-175367cfc5ce}</UniqueIdentifier>
    </Filter>
    <Filter Include="Source Files\Resources">
      <UniqueIdentifier>{f5f1d4ef-d2c7-4d79-b093-f7cc20a3be6a}</UniqueIdentifier>
    </Filter>
    <Filter Include="Source Files\Resources\ModelLoaders">
      <UniqueIdentifier>{4354365b-3347-48dc-a967-9a5ace2cd3c7}</UniqueIdentifier>
    </Filter>
    <Filter Include="Header Files\Resources\ModelLoaders">
      <UniqueIdentifier>{6a67e43d-8a65-4594-b05c-d191046ebc1c}</UniqueIdentifier>
    </Filter>
    <Filter Include="Header Files\Resources\ImageLoaders">
      <UniqueIdentifier>{9dd218ce-183c-4c03-a352-585f06ffafc7}</UniqueIdentifier>
    </Filter>
    <Filter Include="Source Files\Resources\ImageLoaders">
      <UniqueIdentifier>{27f2df21-5779-4360-a42e-5db48da646ba}</UniqueIdentifier>
    </Filter>
    <Filter Include="Source Files\Handlers">
      <UniqueIdentifier>{da7601e1-7b5b-4e93-9665-239e875d1622}</UniqueIdentifier>
    </Filter>
    <Filter Include="Header Files\Entities\Scene">
      <UniqueIdentifier>{a5218dcf-c838-4cc4-854c-ab1e8df3023a}</UniqueIdentifier>
    </Filter>
  </ItemGroup>
  <ItemGroup>
    <ClCompile Include="Ms3dModelLoader.cpp">
      <Filter>Source Files\Resources\ModelLoaders</Filter>
    </ClCompile>
    <ClCompile Include="Model.cpp">
      <Filter>Source Files</Filter>
    </ClCompile>
    <ClCompile Include="Source.cpp">
      <Filter>Source Files</Filter>
    </ClCompile>
    <ClCompile Include="Entity.cpp">
      <Filter>Source Files\Entities</Filter>
    </ClCompile>
    <ClCompile Include="Camera.cpp">
      <Filter>Source Files\Output</Filter>
    </ClCompile>
    <ClCompile Include="Shader.cpp">
      <Filter>Source Files\Shaders</Filter>
    </ClCompile>
    <ClCompile Include="Joint.cpp">
      <Filter>Source Files\Entities\Animation</Filter>
    </ClCompile>
    <ClCompile Include="Armature.cpp">
      <Filter>Source Files\Entities\Animation</Filter>
    </ClCompile>
    <ClCompile Include="Globals.cpp">
      <Filter>Source Files\Types</Filter>
    </ClCompile>
    <ClCompile Include="TGALoader.cpp">
      <Filter>Source Files\Resources\ImageLoaders</Filter>
    </ClCompile>
    <ClCompile Include="Texture.cpp">
      <Filter>Source Files\Resources</Filter>
    </ClCompile>
    <ClCompile Include="ModelHandler.cpp">
      <Filter>Source Files\Handlers</Filter>
    </ClCompile>
    <ClCompile Include="TextureHandler.cpp">
      <Filter>Source Files\Handlers</Filter>
    </ClCompile>
    <ClCompile Include="ArmatureHandler.cpp">
      <Filter>Source Files\Handlers</Filter>
    </ClCompile>
    <ClCompile Include="EntityHandler.cpp">
      <Filter>Source Files\Handlers</Filter>
    </ClCompile>
    <ClCompile Include="CharacterBuilder.cpp">
      <Filter>Source Files</Filter>
    </ClCompile>
    <ClCompile Include="Light.cpp">
      <Filter>Source Files</Filter>
    </ClCompile>
    <ClCompile Include="LightHandler.cpp">
      <Filter>Source Files</Filter>
    </ClCompile>
    <ClCompile Include="StaticEntity.cpp">
      <Filter>Source Files</Filter>
    </ClCompile>
    <ClCompile Include="ModelLoader.cpp">
      <Filter>Source Files\Resources\ModelLoaders</Filter>
    </ClCompile>
    <ClCompile Include="Keyframe.cpp">
      <Filter>Source Files\Entities\Animation</Filter>
    </ClCompile>
    <ClCompile Include="Animation.cpp">
      <Filter>Source Files\Entities\Animation</Filter>
    </ClCompile>
  </ItemGroup>
  <ItemGroup>
    <ClInclude Include="Utils.h">
      <Filter>Header Files</Filter>
    </ClInclude>
    <ClInclude Include="ms3dModelLoader.h">
      <Filter>Header Files\Resources\ModelLoaders</Filter>
    </ClInclude>
    <ClInclude Include="Camera.h">
      <Filter>Header Files\Output</Filter>
    </ClInclude>
    <ClInclude Include="Shader.h">
      <Filter>Header Files\Shaders</Filter>
    </ClInclude>
    <ClInclude Include="Joint.h">
      <Filter>Header Files\Entities\Animation</Filter>
    </ClInclude>
    <ClInclude Include="Armature.h">
      <Filter>Header Files\Entities\Animation</Filter>
    </ClInclude>
    <ClInclude Include="Model.h">
      <Filter>Header Files\Resources</Filter>
    </ClInclude>
    <ClInclude Include="Texture.h">
      <Filter>Header Files\Resources</Filter>
    </ClInclude>
    <ClInclude Include="ModelHandler.h">
      <Filter>Header Files\Handlers</Filter>
    </ClInclude>
    <ClInclude Include="TGALoader.h">
      <Filter>Header Files\Resources\ImageLoaders</Filter>
    </ClInclude>
    <ClInclude Include="TextureHandler.h">
      <Filter>Header Files\Handlers</Filter>
    </ClInclude>
    <ClInclude Include="ArmatureHandler.h">
      <Filter>Header Files\Handlers</Filter>
    </ClInclude>
    <ClInclude Include="EntityHandler.h">
      <Filter>Header Files\Handlers</Filter>
    </ClInclude>
    <ClInclude Include="Source.h">
      <Filter>Header Files</Filter>
    </ClInclude>
    <ClInclude Include="shaderUtils.h">
      <Filter>Header Files\Shaders</Filter>
    </ClInclude>
    <ClInclude Include="MathUtils.h">
      <Filter>Header Files</Filter>
    </ClInclude>
    <ClInclude Include="Ms3dModel.h">
      <Filter>Header Files\Resources\ModelLoaders</Filter>
    </ClInclude>
    <ClInclude Include="CharacterBuilder.h">
      <Filter>Header Files\Resources\ModelLoaders</Filter>
    </ClInclude>
    <ClInclude Include="Light.h">
      <Filter>Header Files\Entities\Scene</Filter>
    </ClInclude>
    <ClInclude Include="LightHandler.h">
      <Filter>Header Files\Handlers</Filter>
    </ClInclude>
    <ClInclude Include="StaticEntity.h">
      <Filter>Header Files\Entities</Filter>
    </ClInclude>
    <ClInclude Include="ModelLoader.h">
      <Filter>Header Files\Resources\ModelLoaders</Filter>
    </ClInclude>
    <ClInclude Include="AddClothes.h">
      <Filter>Header Files\Resources\ModelLoaders</Filter>
    </ClInclude>
    <ClInclude Include="Entity.h">
      <Filter>Header Files\Entities</Filter>
    </ClInclude>
    <ClInclude Include="DataTypes.h">
      <Filter>Header Files\Types</Filter>
    </ClInclude>
    <ClInclude Include="Animation.h">
      <Filter>Header Files\Entities\Animation</Filter>
    </ClInclude>
    <ClInclude Include="Keyframe.h">
      <Filter>Header Files\Entities\Animation</Filter>
    </ClInclude>
  </ItemGroup>
  <ItemGroup>
    <None Include="shaders\SimpleShader.frag">
      <Filter>Resource Files\Shaders</Filter>
    </None>
    <None Include="shaders\SimpleShader.vert">
      <Filter>Resource Files\Shaders</Filter>
    </None>
  </ItemGroup>
</Project>